
Microsoft Visual Studio Solution File, Format Version 12.00
# Visual Studio 14
VisualStudioVersion = 14.0.22823.1
MinimumVisualStudioVersion = 10.0.40219.1
Project("{FAE04EC0-301F-11D3-BF4B-00C04F79EFBC}") = "ModuleInject", "ModuleInject\ModuleInject.csproj", "{53221937-AEFF-477F-B132-91A5449C9738}"
EndProject
Project("{FAE04EC0-301F-11D3-BF4B-00C04F79EFBC}") = "Test.ModuleInject", "Test.ModuleInject\Test.ModuleInject.csproj", "{62D1AB2E-4638-4D35-AC0D-454FD1CE9B13}"
EndProject
Project("{2150E333-8FDC-42A3-9474-1A3956D46DE8}") = ".nuget", ".nuget", "{451C59A2-D5B3-4F52-A775-1D7D73DBC491}"
	ProjectSection(SolutionItems) = preProject
		.nuget\packages.config = .nuget\packages.config
	EndProjectSection
EndProject
Project("{FAE04EC0-301F-11D3-BF4B-00C04F79EFBC}") = "Doc.ModuleInject", "Doc.ModuleInject\Doc.ModuleInject.csproj", "{00784EF4-CCD9-44B6-9077-057E85D92A9E}"
EndProject
Project("{FAE04EC0-301F-11D3-BF4B-00C04F79EFBC}") = "ModuleInject.Common", "ModuleInject.Common\ModuleInject.Common.csproj", "{4C6EA330-AD9A-4A0E-8869-7B7EC1D8DB13}"
EndProject
Project("{2150E333-8FDC-42A3-9474-1A3956D46DE8}") = "Test", "Test", "{8861F23C-BDD2-4A55-8F42-CA9E38C3B6E0}"
EndProject
Project("{2150E333-8FDC-42A3-9474-1A3956D46DE8}") = "Doc", "Doc", "{0D9C2A1B-E38B-4505-A81C-002D08C912C5}"
EndProject
Project("{2150E333-8FDC-42A3-9474-1A3956D46DE8}") = "Source", "Source", "{680704D6-8901-4D30-9BF1-7B011C5EE4A1}"
EndProject
Project("{FAE04EC0-301F-11D3-BF4B-00C04F79EFBC}") = "Test.ModuleInject.Common", "Test.ModuleInject.Common\Test.ModuleInject.Common.csproj", "{40FE411F-66AE-49CF-91E4-285C7BC77F15}"
EndProject
Project("{FAE04EC0-301F-11D3-BF4B-00C04F79EFBC}") = "ModuleInject.Interfaces", "ModuleInject.Interfaces\ModuleInject.Interfaces.csproj", "{F220AFE2-9601-4F1B-9C4B-4CA04089073B}"
EndProject
Project("{FAE04EC0-301F-11D3-BF4B-00C04F79EFBC}") = "Test.Performance.ModuleInject", "Test.Performance.ModuleInject\Test.Performance.ModuleInject.csproj", "{940D99F2-73AE-48DF-976B-2056BE1E163F}"
EndProject
Project("{FAE04EC0-301F-11D3-BF4B-00C04F79EFBC}") = "ModuleInject.Interception", "ModuleInject.Interception\ModuleInject.Interception.csproj", "{700BB1B3-7863-4417-8000-B931E39F25CE}"
EndProject
Project("{FAE04EC0-301F-11D3-BF4B-00C04F79EFBC}") = "Test.ModuleInject.Interception", "Test.ModuleInject.Interception\Test.ModuleInject.Interception.csproj", "{43B6C010-714D-45A4-B0FC-575373923E92}"
EndProject
Project("{FAE04EC0-301F-11D3-BF4B-00C04F79EFBC}") = "ModuleInject.Interception.Castle", "ModuleInject.Interception.Castle\ModuleInject.Interception.Castle.csproj", "{106D1057-E88F-474E-A0BC-8E35258E273C}"
EndProject
Project("{FAE04EC0-301F-11D3-BF4B-00C04F79EFBC}") = "Test.ModuleInject.Interception.Castle", "Test.ModuleInject.Interception.Castle\Test.ModuleInject.Interception.Castle.csproj", "{C7F78570-2370-42A1-B629-B79777BD5D37}"
EndProject
Project("{2150E333-8FDC-42A3-9474-1A3956D46DE8}") = "Example", "Example", "{F6CD4987-64C7-462D-BB6A-5765ACB4C9E4}"
EndProject
Project("{FAE04EC0-301F-11D3-BF4B-00C04F79EFBC}") = "Example.ModuleInject.Wpf", "Example.ModuleInject.Wpf\Example.ModuleInject.Wpf.csproj", "{7AF79BF4-272D-4C2B-A58F-113D52FFD720}"
EndProject
Project("{2150E333-8FDC-42A3-9474-1A3956D46DE8}") = "Core", "Core", "{D126A775-58F4-4E32-A45E-587CC65096A5}"
EndProject
Project("{2150E333-8FDC-42A3-9474-1A3956D46DE8}") = "Extensions", "Extensions", "{E5B35258-DA10-4134-A2F9-971EEE5C1C42}"
EndProject
Project("{FAE04EC0-301F-11D3-BF4B-00C04F79EFBC}") = "ModuleInject.Wpf", "ModuleInject.Wpf\ModuleInject.Wpf.csproj", "{171901F0-8EBF-48A1-81ED-9328A55E2ABD}"
EndProject
Project("{2150E333-8FDC-42A3-9474-1A3956D46DE8}") = "Core", "Core", "{E7471BB7-D31E-4DC3-BE1B-9F050CCCDCE5}"
EndProject
Project("{2150E333-8FDC-42A3-9474-1A3956D46DE8}") = "Extensions", "Extensions", "{889A7F0B-9322-4935-908A-6BD663CA36E1}"
EndProject
Project("{FAE04EC0-301F-11D3-BF4B-00C04F79EFBC}") = "Test.ModuleInject.Wpf", "Test.ModuleInject.Wpf\Test.ModuleInject.Wpf.csproj", "{985C2E34-3208-43E9-8B48-8DB2006205AE}"
EndProject
Global
	GlobalSection(SolutionConfigurationPlatforms) = preSolution
		Debug 4.0|Any CPU = Debug 4.0|Any CPU
		Debug 4.5.1|Any CPU = Debug 4.5.1|Any CPU
		Debug 4.5.2|Any CPU = Debug 4.5.2|Any CPU
		Debug 4.5|Any CPU = Debug 4.5|Any CPU
		Release 4.0|Any CPU = Release 4.0|Any CPU
		Release 4.5.1|Any CPU = Release 4.5.1|Any CPU
		Release 4.5.2|Any CPU = Release 4.5.2|Any CPU
		Release 4.5|Any CPU = Release 4.5|Any CPU
	EndGlobalSection
	GlobalSection(ProjectConfigurationPlatforms) = postSolution
		{53221937-AEFF-477F-B132-91A5449C9738}.Debug 4.0|Any CPU.ActiveCfg = Debug 4.0|Any CPU
		{53221937-AEFF-477F-B132-91A5449C9738}.Debug 4.0|Any CPU.Build.0 = Debug 4.0|Any CPU
		{53221937-AEFF-477F-B132-91A5449C9738}.Debug 4.5.1|Any CPU.ActiveCfg = Debug 4.5.1|Any CPU
		{53221937-AEFF-477F-B132-91A5449C9738}.Debug 4.5.1|Any CPU.Build.0 = Debug 4.5.1|Any CPU
		{53221937-AEFF-477F-B132-91A5449C9738}.Debug 4.5.2|Any CPU.ActiveCfg = Debug 4.5.2|Any CPU
		{53221937-AEFF-477F-B132-91A5449C9738}.Debug 4.5.2|Any CPU.Build.0 = Debug 4.5.2|Any CPU
		{53221937-AEFF-477F-B132-91A5449C9738}.Debug 4.5|Any CPU.ActiveCfg = Debug 4.5|Any CPU
		{53221937-AEFF-477F-B132-91A5449C9738}.Debug 4.5|Any CPU.Build.0 = Debug 4.5|Any CPU
		{53221937-AEFF-477F-B132-91A5449C9738}.Release 4.0|Any CPU.ActiveCfg = Release 4.0|Any CPU
		{53221937-AEFF-477F-B132-91A5449C9738}.Release 4.0|Any CPU.Build.0 = Release 4.0|Any CPU
		{53221937-AEFF-477F-B132-91A5449C9738}.Release 4.5.1|Any CPU.ActiveCfg = Release 4.5.1|Any CPU
		{53221937-AEFF-477F-B132-91A5449C9738}.Release 4.5.1|Any CPU.Build.0 = Release 4.5.1|Any CPU
		{53221937-AEFF-477F-B132-91A5449C9738}.Release 4.5.2|Any CPU.ActiveCfg = Release 4.5.2|Any CPU
		{53221937-AEFF-477F-B132-91A5449C9738}.Release 4.5.2|Any CPU.Build.0 = Release 4.5.2|Any CPU
		{53221937-AEFF-477F-B132-91A5449C9738}.Release 4.5|Any CPU.ActiveCfg = Release 4.5|Any CPU
		{53221937-AEFF-477F-B132-91A5449C9738}.Release 4.5|Any CPU.Build.0 = Release 4.5|Any CPU
		{62D1AB2E-4638-4D35-AC0D-454FD1CE9B13}.Debug 4.0|Any CPU.ActiveCfg = Debug 4.0|Any CPU
		{62D1AB2E-4638-4D35-AC0D-454FD1CE9B13}.Debug 4.0|Any CPU.Build.0 = Debug 4.0|Any CPU
		{62D1AB2E-4638-4D35-AC0D-454FD1CE9B13}.Debug 4.5.1|Any CPU.ActiveCfg = Debug 4.5.1|Any CPU
		{62D1AB2E-4638-4D35-AC0D-454FD1CE9B13}.Debug 4.5.1|Any CPU.Build.0 = Debug 4.5.1|Any CPU
		{62D1AB2E-4638-4D35-AC0D-454FD1CE9B13}.Debug 4.5.2|Any CPU.ActiveCfg = Debug 4.5.2|Any CPU
		{62D1AB2E-4638-4D35-AC0D-454FD1CE9B13}.Debug 4.5.2|Any CPU.Build.0 = Debug 4.5.2|Any CPU
		{62D1AB2E-4638-4D35-AC0D-454FD1CE9B13}.Debug 4.5|Any CPU.ActiveCfg = Debug 4.5|Any CPU
		{62D1AB2E-4638-4D35-AC0D-454FD1CE9B13}.Debug 4.5|Any CPU.Build.0 = Debug 4.5|Any CPU
		{62D1AB2E-4638-4D35-AC0D-454FD1CE9B13}.Release 4.0|Any CPU.ActiveCfg = Release 4.0|Any CPU
		{62D1AB2E-4638-4D35-AC0D-454FD1CE9B13}.Release 4.0|Any CPU.Build.0 = Release 4.0|Any CPU
		{62D1AB2E-4638-4D35-AC0D-454FD1CE9B13}.Release 4.5.1|Any CPU.ActiveCfg = Release 4.5.1|Any CPU
		{62D1AB2E-4638-4D35-AC0D-454FD1CE9B13}.Release 4.5.1|Any CPU.Build.0 = Release 4.5.1|Any CPU
		{62D1AB2E-4638-4D35-AC0D-454FD1CE9B13}.Release 4.5.2|Any CPU.ActiveCfg = Release 4.5.2|Any CPU
		{62D1AB2E-4638-4D35-AC0D-454FD1CE9B13}.Release 4.5.2|Any CPU.Build.0 = Release 4.5.2|Any CPU
		{62D1AB2E-4638-4D35-AC0D-454FD1CE9B13}.Release 4.5|Any CPU.ActiveCfg = Release 4.5|Any CPU
		{62D1AB2E-4638-4D35-AC0D-454FD1CE9B13}.Release 4.5|Any CPU.Build.0 = Release 4.5|Any CPU
		{00784EF4-CCD9-44B6-9077-057E85D92A9E}.Debug 4.0|Any CPU.ActiveCfg = Debug 4.0|Any CPU
		{00784EF4-CCD9-44B6-9077-057E85D92A9E}.Debug 4.0|Any CPU.Build.0 = Debug 4.0|Any CPU
		{00784EF4-CCD9-44B6-9077-057E85D92A9E}.Debug 4.5.1|Any CPU.ActiveCfg = Debug 4.5.1|Any CPU
		{00784EF4-CCD9-44B6-9077-057E85D92A9E}.Debug 4.5.1|Any CPU.Build.0 = Debug 4.5.1|Any CPU
		{00784EF4-CCD9-44B6-9077-057E85D92A9E}.Debug 4.5.2|Any CPU.ActiveCfg = Debug 4.5.2|Any CPU
		{00784EF4-CCD9-44B6-9077-057E85D92A9E}.Debug 4.5.2|Any CPU.Build.0 = Debug 4.5.2|Any CPU
		{00784EF4-CCD9-44B6-9077-057E85D92A9E}.Debug 4.5|Any CPU.ActiveCfg = Debug 4.5|Any CPU
		{00784EF4-CCD9-44B6-9077-057E85D92A9E}.Debug 4.5|Any CPU.Build.0 = Debug 4.5|Any CPU
		{00784EF4-CCD9-44B6-9077-057E85D92A9E}.Release 4.0|Any CPU.ActiveCfg = Release 4.0|Any CPU
		{00784EF4-CCD9-44B6-9077-057E85D92A9E}.Release 4.0|Any CPU.Build.0 = Release 4.0|Any CPU
		{00784EF4-CCD9-44B6-9077-057E85D92A9E}.Release 4.5.1|Any CPU.ActiveCfg = Release 4.5.1|Any CPU
		{00784EF4-CCD9-44B6-9077-057E85D92A9E}.Release 4.5.1|Any CPU.Build.0 = Release 4.5.1|Any CPU
		{00784EF4-CCD9-44B6-9077-057E85D92A9E}.Release 4.5.2|Any CPU.ActiveCfg = Release 4.5.2|Any CPU
		{00784EF4-CCD9-44B6-9077-057E85D92A9E}.Release 4.5.2|Any CPU.Build.0 = Release 4.5.2|Any CPU
		{00784EF4-CCD9-44B6-9077-057E85D92A9E}.Release 4.5|Any CPU.ActiveCfg = Release 4.5|Any CPU
		{00784EF4-CCD9-44B6-9077-057E85D92A9E}.Release 4.5|Any CPU.Build.0 = Release 4.5|Any CPU
		{4C6EA330-AD9A-4A0E-8869-7B7EC1D8DB13}.Debug 4.0|Any CPU.ActiveCfg = Debug 4.0|Any CPU
		{4C6EA330-AD9A-4A0E-8869-7B7EC1D8DB13}.Debug 4.0|Any CPU.Build.0 = Debug 4.0|Any CPU
		{4C6EA330-AD9A-4A0E-8869-7B7EC1D8DB13}.Debug 4.5.1|Any CPU.ActiveCfg = Debug 4.5.1|Any CPU
		{4C6EA330-AD9A-4A0E-8869-7B7EC1D8DB13}.Debug 4.5.1|Any CPU.Build.0 = Debug 4.5.1|Any CPU
		{4C6EA330-AD9A-4A0E-8869-7B7EC1D8DB13}.Debug 4.5.2|Any CPU.ActiveCfg = Debug 4.5.2|Any CPU
		{4C6EA330-AD9A-4A0E-8869-7B7EC1D8DB13}.Debug 4.5.2|Any CPU.Build.0 = Debug 4.5.2|Any CPU
		{4C6EA330-AD9A-4A0E-8869-7B7EC1D8DB13}.Debug 4.5|Any CPU.ActiveCfg = Debug 4.5|Any CPU
		{4C6EA330-AD9A-4A0E-8869-7B7EC1D8DB13}.Debug 4.5|Any CPU.Build.0 = Debug 4.5|Any CPU
		{4C6EA330-AD9A-4A0E-8869-7B7EC1D8DB13}.Release 4.0|Any CPU.ActiveCfg = Release 4.0|Any CPU
		{4C6EA330-AD9A-4A0E-8869-7B7EC1D8DB13}.Release 4.0|Any CPU.Build.0 = Release 4.0|Any CPU
		{4C6EA330-AD9A-4A0E-8869-7B7EC1D8DB13}.Release 4.5.1|Any CPU.ActiveCfg = Release 4.5.1|Any CPU
		{4C6EA330-AD9A-4A0E-8869-7B7EC1D8DB13}.Release 4.5.1|Any CPU.Build.0 = Release 4.5.1|Any CPU
		{4C6EA330-AD9A-4A0E-8869-7B7EC1D8DB13}.Release 4.5.2|Any CPU.ActiveCfg = Release 4.5.2|Any CPU
		{4C6EA330-AD9A-4A0E-8869-7B7EC1D8DB13}.Release 4.5.2|Any CPU.Build.0 = Release 4.5.2|Any CPU
		{4C6EA330-AD9A-4A0E-8869-7B7EC1D8DB13}.Release 4.5|Any CPU.ActiveCfg = Release 4.5|Any CPU
		{4C6EA330-AD9A-4A0E-8869-7B7EC1D8DB13}.Release 4.5|Any CPU.Build.0 = Release 4.5|Any CPU
		{40FE411F-66AE-49CF-91E4-285C7BC77F15}.Debug 4.0|Any CPU.ActiveCfg = Debug 4.0|Any CPU
		{40FE411F-66AE-49CF-91E4-285C7BC77F15}.Debug 4.0|Any CPU.Build.0 = Debug 4.0|Any CPU
		{40FE411F-66AE-49CF-91E4-285C7BC77F15}.Debug 4.5.1|Any CPU.ActiveCfg = Debug 4.5.1|Any CPU
		{40FE411F-66AE-49CF-91E4-285C7BC77F15}.Debug 4.5.1|Any CPU.Build.0 = Debug 4.5.1|Any CPU
		{40FE411F-66AE-49CF-91E4-285C7BC77F15}.Debug 4.5.2|Any CPU.ActiveCfg = Debug 4.5.2|Any CPU
		{40FE411F-66AE-49CF-91E4-285C7BC77F15}.Debug 4.5.2|Any CPU.Build.0 = Debug 4.5.2|Any CPU
		{40FE411F-66AE-49CF-91E4-285C7BC77F15}.Debug 4.5|Any CPU.ActiveCfg = Debug 4.5|Any CPU
		{40FE411F-66AE-49CF-91E4-285C7BC77F15}.Debug 4.5|Any CPU.Build.0 = Debug 4.5|Any CPU
		{40FE411F-66AE-49CF-91E4-285C7BC77F15}.Release 4.0|Any CPU.ActiveCfg = Release 4.0|Any CPU
		{40FE411F-66AE-49CF-91E4-285C7BC77F15}.Release 4.0|Any CPU.Build.0 = Release 4.0|Any CPU
		{40FE411F-66AE-49CF-91E4-285C7BC77F15}.Release 4.5.1|Any CPU.ActiveCfg = Release 4.5.1|Any CPU
		{40FE411F-66AE-49CF-91E4-285C7BC77F15}.Release 4.5.1|Any CPU.Build.0 = Release 4.5.1|Any CPU
		{40FE411F-66AE-49CF-91E4-285C7BC77F15}.Release 4.5.2|Any CPU.ActiveCfg = Release 4.5.2|Any CPU
		{40FE411F-66AE-49CF-91E4-285C7BC77F15}.Release 4.5.2|Any CPU.Build.0 = Release 4.5.2|Any CPU
		{40FE411F-66AE-49CF-91E4-285C7BC77F15}.Release 4.5|Any CPU.ActiveCfg = Release 4.5|Any CPU
		{40FE411F-66AE-49CF-91E4-285C7BC77F15}.Release 4.5|Any CPU.Build.0 = Release 4.5|Any CPU
		{F220AFE2-9601-4F1B-9C4B-4CA04089073B}.Debug 4.0|Any CPU.ActiveCfg = Debug 4.0|Any CPU
		{F220AFE2-9601-4F1B-9C4B-4CA04089073B}.Debug 4.0|Any CPU.Build.0 = Debug 4.0|Any CPU
		{F220AFE2-9601-4F1B-9C4B-4CA04089073B}.Debug 4.5.1|Any CPU.ActiveCfg = Debug 4.5.1|Any CPU
		{F220AFE2-9601-4F1B-9C4B-4CA04089073B}.Debug 4.5.1|Any CPU.Build.0 = Debug 4.5.1|Any CPU
		{F220AFE2-9601-4F1B-9C4B-4CA04089073B}.Debug 4.5.2|Any CPU.ActiveCfg = Debug 4.5.2|Any CPU
		{F220AFE2-9601-4F1B-9C4B-4CA04089073B}.Debug 4.5.2|Any CPU.Build.0 = Debug 4.5.2|Any CPU
		{F220AFE2-9601-4F1B-9C4B-4CA04089073B}.Debug 4.5|Any CPU.ActiveCfg = Debug 4.5|Any CPU
		{F220AFE2-9601-4F1B-9C4B-4CA04089073B}.Debug 4.5|Any CPU.Build.0 = Debug 4.5|Any CPU
		{F220AFE2-9601-4F1B-9C4B-4CA04089073B}.Release 4.0|Any CPU.ActiveCfg = Release 4.0|Any CPU
		{F220AFE2-9601-4F1B-9C4B-4CA04089073B}.Release 4.0|Any CPU.Build.0 = Release 4.0|Any CPU
		{F220AFE2-9601-4F1B-9C4B-4CA04089073B}.Release 4.5.1|Any CPU.ActiveCfg = Release 4.5.1|Any CPU
		{F220AFE2-9601-4F1B-9C4B-4CA04089073B}.Release 4.5.1|Any CPU.Build.0 = Release 4.5.1|Any CPU
		{F220AFE2-9601-4F1B-9C4B-4CA04089073B}.Release 4.5.2|Any CPU.ActiveCfg = Release 4.5.2|Any CPU
		{F220AFE2-9601-4F1B-9C4B-4CA04089073B}.Release 4.5.2|Any CPU.Build.0 = Release 4.5.2|Any CPU
		{F220AFE2-9601-4F1B-9C4B-4CA04089073B}.Release 4.5|Any CPU.ActiveCfg = Release 4.5|Any CPU
		{F220AFE2-9601-4F1B-9C4B-4CA04089073B}.Release 4.5|Any CPU.Build.0 = Release 4.5|Any CPU
		{940D99F2-73AE-48DF-976B-2056BE1E163F}.Debug 4.0|Any CPU.ActiveCfg = Debug 4.0|Any CPU
		{940D99F2-73AE-48DF-976B-2056BE1E163F}.Debug 4.5.1|Any CPU.ActiveCfg = Debug 4.5.1|Any CPU
		{940D99F2-73AE-48DF-976B-2056BE1E163F}.Debug 4.5.1|Any CPU.Build.0 = Debug 4.5.1|Any CPU
		{940D99F2-73AE-48DF-976B-2056BE1E163F}.Debug 4.5.2|Any CPU.ActiveCfg = Debug 4.5.2|Any CPU
		{940D99F2-73AE-48DF-976B-2056BE1E163F}.Debug 4.5.2|Any CPU.Build.0 = Debug 4.5.2|Any CPU
		{940D99F2-73AE-48DF-976B-2056BE1E163F}.Debug 4.5|Any CPU.ActiveCfg = Debug 4.5|Any CPU
		{940D99F2-73AE-48DF-976B-2056BE1E163F}.Debug 4.5|Any CPU.Build.0 = Debug 4.5|Any CPU
		{940D99F2-73AE-48DF-976B-2056BE1E163F}.Release 4.0|Any CPU.ActiveCfg = Release 4.0|Any CPU
		{940D99F2-73AE-48DF-976B-2056BE1E163F}.Release 4.0|Any CPU.Build.0 = Release 4.0|Any CPU
		{940D99F2-73AE-48DF-976B-2056BE1E163F}.Release 4.5.1|Any CPU.ActiveCfg = Release 4.5.1|Any CPU
		{940D99F2-73AE-48DF-976B-2056BE1E163F}.Release 4.5.1|Any CPU.Build.0 = Release 4.5.1|Any CPU
		{940D99F2-73AE-48DF-976B-2056BE1E163F}.Release 4.5.2|Any CPU.ActiveCfg = Release 4.5.2|Any CPU
		{940D99F2-73AE-48DF-976B-2056BE1E163F}.Release 4.5.2|Any CPU.Build.0 = Release 4.5.2|Any CPU
		{940D99F2-73AE-48DF-976B-2056BE1E163F}.Release 4.5|Any CPU.ActiveCfg = Release 4.5|Any CPU
		{940D99F2-73AE-48DF-976B-2056BE1E163F}.Release 4.5|Any CPU.Build.0 = Release 4.5|Any CPU
		{700BB1B3-7863-4417-8000-B931E39F25CE}.Debug 4.0|Any CPU.ActiveCfg = Debug 4.0|Any CPU
		{700BB1B3-7863-4417-8000-B931E39F25CE}.Debug 4.0|Any CPU.Build.0 = Debug 4.0|Any CPU
		{700BB1B3-7863-4417-8000-B931E39F25CE}.Debug 4.5.1|Any CPU.ActiveCfg = Debug 4.5.1|Any CPU
		{700BB1B3-7863-4417-8000-B931E39F25CE}.Debug 4.5.1|Any CPU.Build.0 = Debug 4.5.1|Any CPU
		{700BB1B3-7863-4417-8000-B931E39F25CE}.Debug 4.5.2|Any CPU.ActiveCfg = Debug 4.5.2|Any CPU
		{700BB1B3-7863-4417-8000-B931E39F25CE}.Debug 4.5.2|Any CPU.Build.0 = Debug 4.5.2|Any CPU
		{700BB1B3-7863-4417-8000-B931E39F25CE}.Debug 4.5|Any CPU.ActiveCfg = Debug 4.5|Any CPU
		{700BB1B3-7863-4417-8000-B931E39F25CE}.Debug 4.5|Any CPU.Build.0 = Debug 4.5|Any CPU
		{700BB1B3-7863-4417-8000-B931E39F25CE}.Release 4.0|Any CPU.ActiveCfg = Release 4.0|Any CPU
		{700BB1B3-7863-4417-8000-B931E39F25CE}.Release 4.0|Any CPU.Build.0 = Release 4.0|Any CPU
		{700BB1B3-7863-4417-8000-B931E39F25CE}.Release 4.5.1|Any CPU.ActiveCfg = Release 4.5.1|Any CPU
		{700BB1B3-7863-4417-8000-B931E39F25CE}.Release 4.5.1|Any CPU.Build.0 = Release 4.5.1|Any CPU
		{700BB1B3-7863-4417-8000-B931E39F25CE}.Release 4.5.2|Any CPU.ActiveCfg = Release 4.5.2|Any CPU
		{700BB1B3-7863-4417-8000-B931E39F25CE}.Release 4.5.2|Any CPU.Build.0 = Release 4.5.2|Any CPU
		{700BB1B3-7863-4417-8000-B931E39F25CE}.Release 4.5|Any CPU.ActiveCfg = Release 4.5|Any CPU
		{700BB1B3-7863-4417-8000-B931E39F25CE}.Release 4.5|Any CPU.Build.0 = Release 4.5|Any CPU
		{43B6C010-714D-45A4-B0FC-575373923E92}.Debug 4.0|Any CPU.ActiveCfg = Debug 4.0|Any CPU
		{43B6C010-714D-45A4-B0FC-575373923E92}.Debug 4.0|Any CPU.Build.0 = Debug 4.0|Any CPU
		{43B6C010-714D-45A4-B0FC-575373923E92}.Debug 4.5.1|Any CPU.ActiveCfg = Debug 4.5.1|Any CPU
		{43B6C010-714D-45A4-B0FC-575373923E92}.Debug 4.5.1|Any CPU.Build.0 = Debug 4.5.1|Any CPU
		{43B6C010-714D-45A4-B0FC-575373923E92}.Debug 4.5.2|Any CPU.ActiveCfg = Debug 4.5.2|Any CPU
		{43B6C010-714D-45A4-B0FC-575373923E92}.Debug 4.5.2|Any CPU.Build.0 = Debug 4.5.2|Any CPU
		{43B6C010-714D-45A4-B0FC-575373923E92}.Debug 4.5|Any CPU.ActiveCfg = Debug 4.5|Any CPU
		{43B6C010-714D-45A4-B0FC-575373923E92}.Debug 4.5|Any CPU.Build.0 = Debug 4.5|Any CPU
		{43B6C010-714D-45A4-B0FC-575373923E92}.Release 4.0|Any CPU.ActiveCfg = Release 4.0|Any CPU
		{43B6C010-714D-45A4-B0FC-575373923E92}.Release 4.0|Any CPU.Build.0 = Release 4.0|Any CPU
		{43B6C010-714D-45A4-B0FC-575373923E92}.Release 4.5.1|Any CPU.ActiveCfg = Release 4.5.1|Any CPU
		{43B6C010-714D-45A4-B0FC-575373923E92}.Release 4.5.1|Any CPU.Build.0 = Release 4.5.1|Any CPU
		{43B6C010-714D-45A4-B0FC-575373923E92}.Release 4.5.2|Any CPU.ActiveCfg = Release 4.5.2|Any CPU
		{43B6C010-714D-45A4-B0FC-575373923E92}.Release 4.5.2|Any CPU.Build.0 = Release 4.5.2|Any CPU
		{43B6C010-714D-45A4-B0FC-575373923E92}.Release 4.5|Any CPU.ActiveCfg = Release 4.5|Any CPU
		{43B6C010-714D-45A4-B0FC-575373923E92}.Release 4.5|Any CPU.Build.0 = Release 4.5|Any CPU
		{106D1057-E88F-474E-A0BC-8E35258E273C}.Debug 4.0|Any CPU.ActiveCfg = Debug 4.0|Any CPU
		{106D1057-E88F-474E-A0BC-8E35258E273C}.Debug 4.0|Any CPU.Build.0 = Debug 4.0|Any CPU
		{106D1057-E88F-474E-A0BC-8E35258E273C}.Debug 4.5.1|Any CPU.ActiveCfg = Debug 4.5.1|Any CPU
		{106D1057-E88F-474E-A0BC-8E35258E273C}.Debug 4.5.1|Any CPU.Build.0 = Debug 4.5.1|Any CPU
		{106D1057-E88F-474E-A0BC-8E35258E273C}.Debug 4.5.2|Any CPU.ActiveCfg = Debug 4.5.2|Any CPU
		{106D1057-E88F-474E-A0BC-8E35258E273C}.Debug 4.5.2|Any CPU.Build.0 = Debug 4.5.2|Any CPU
		{106D1057-E88F-474E-A0BC-8E35258E273C}.Debug 4.5|Any CPU.ActiveCfg = Debug 4.5|Any CPU
		{106D1057-E88F-474E-A0BC-8E35258E273C}.Debug 4.5|Any CPU.Build.0 = Debug 4.5|Any CPU
		{106D1057-E88F-474E-A0BC-8E35258E273C}.Release 4.0|Any CPU.ActiveCfg = Release 4.0|Any CPU
		{106D1057-E88F-474E-A0BC-8E35258E273C}.Release 4.0|Any CPU.Build.0 = Release 4.0|Any CPU
		{106D1057-E88F-474E-A0BC-8E35258E273C}.Release 4.5.1|Any CPU.ActiveCfg = Release 4.5.1|Any CPU
		{106D1057-E88F-474E-A0BC-8E35258E273C}.Release 4.5.1|Any CPU.Build.0 = Release 4.5.1|Any CPU
		{106D1057-E88F-474E-A0BC-8E35258E273C}.Release 4.5.2|Any CPU.ActiveCfg = Release 4.5.2|Any CPU
		{106D1057-E88F-474E-A0BC-8E35258E273C}.Release 4.5.2|Any CPU.Build.0 = Release 4.5.2|Any CPU
		{106D1057-E88F-474E-A0BC-8E35258E273C}.Release 4.5|Any CPU.ActiveCfg = Release 4.5|Any CPU
		{106D1057-E88F-474E-A0BC-8E35258E273C}.Release 4.5|Any CPU.Build.0 = Release 4.5|Any CPU
		{C7F78570-2370-42A1-B629-B79777BD5D37}.Debug 4.0|Any CPU.ActiveCfg = Debug 4.0|Any CPU
		{C7F78570-2370-42A1-B629-B79777BD5D37}.Debug 4.0|Any CPU.Build.0 = Debug 4.0|Any CPU
		{C7F78570-2370-42A1-B629-B79777BD5D37}.Debug 4.5.1|Any CPU.ActiveCfg = Debug 4.5.1|Any CPU
		{C7F78570-2370-42A1-B629-B79777BD5D37}.Debug 4.5.1|Any CPU.Build.0 = Debug 4.5.1|Any CPU
		{C7F78570-2370-42A1-B629-B79777BD5D37}.Debug 4.5.2|Any CPU.ActiveCfg = Debug 4.5.2|Any CPU
		{C7F78570-2370-42A1-B629-B79777BD5D37}.Debug 4.5.2|Any CPU.Build.0 = Debug 4.5.2|Any CPU
		{C7F78570-2370-42A1-B629-B79777BD5D37}.Debug 4.5|Any CPU.ActiveCfg = Debug 4.5|Any CPU
		{C7F78570-2370-42A1-B629-B79777BD5D37}.Debug 4.5|Any CPU.Build.0 = Debug 4.5|Any CPU
		{C7F78570-2370-42A1-B629-B79777BD5D37}.Release 4.0|Any CPU.ActiveCfg = Release 4.0|Any CPU
		{C7F78570-2370-42A1-B629-B79777BD5D37}.Release 4.0|Any CPU.Build.0 = Release 4.0|Any CPU
		{C7F78570-2370-42A1-B629-B79777BD5D37}.Release 4.5.1|Any CPU.ActiveCfg = Release 4.5.1|Any CPU
		{C7F78570-2370-42A1-B629-B79777BD5D37}.Release 4.5.1|Any CPU.Build.0 = Release 4.5.1|Any CPU
		{C7F78570-2370-42A1-B629-B79777BD5D37}.Release 4.5.2|Any CPU.ActiveCfg = Release 4.5.2|Any CPU
		{C7F78570-2370-42A1-B629-B79777BD5D37}.Release 4.5.2|Any CPU.Build.0 = Release 4.5.2|Any CPU
		{C7F78570-2370-42A1-B629-B79777BD5D37}.Release 4.5|Any CPU.ActiveCfg = Release 4.5|Any CPU
		{C7F78570-2370-42A1-B629-B79777BD5D37}.Release 4.5|Any CPU.Build.0 = Release 4.5|Any CPU
		{7AF79BF4-272D-4C2B-A58F-113D52FFD720}.Debug 4.0|Any CPU.ActiveCfg = Debug 4.0|Any CPU
		{7AF79BF4-272D-4C2B-A58F-113D52FFD720}.Debug 4.0|Any CPU.Build.0 = Debug 4.0|Any CPU
		{7AF79BF4-272D-4C2B-A58F-113D52FFD720}.Debug 4.5.1|Any CPU.ActiveCfg = Debug 4.5.1|Any CPU
		{7AF79BF4-272D-4C2B-A58F-113D52FFD720}.Debug 4.5.1|Any CPU.Build.0 = Debug 4.5.1|Any CPU
		{7AF79BF4-272D-4C2B-A58F-113D52FFD720}.Debug 4.5.2|Any CPU.ActiveCfg = Debug 4.5.2|Any CPU
		{7AF79BF4-272D-4C2B-A58F-113D52FFD720}.Debug 4.5.2|Any CPU.Build.0 = Debug 4.5.2|Any CPU
		{7AF79BF4-272D-4C2B-A58F-113D52FFD720}.Debug 4.5|Any CPU.ActiveCfg = Debug 4.5|Any CPU
		{7AF79BF4-272D-4C2B-A58F-113D52FFD720}.Debug 4.5|Any CPU.Build.0 = Debug 4.5|Any CPU
		{7AF79BF4-272D-4C2B-A58F-113D52FFD720}.Release 4.0|Any CPU.ActiveCfg = Release 4.0|Any CPU
		{7AF79BF4-272D-4C2B-A58F-113D52FFD720}.Release 4.0|Any CPU.Build.0 = Release 4.0|Any CPU
		{7AF79BF4-272D-4C2B-A58F-113D52FFD720}.Release 4.5.1|Any CPU.ActiveCfg = Release 4.5.1|Any CPU
		{7AF79BF4-272D-4C2B-A58F-113D52FFD720}.Release 4.5.1|Any CPU.Build.0 = Release 4.5.1|Any CPU
		{7AF79BF4-272D-4C2B-A58F-113D52FFD720}.Release 4.5.2|Any CPU.ActiveCfg = Release 4.5.2|Any CPU
		{7AF79BF4-272D-4C2B-A58F-113D52FFD720}.Release 4.5.2|Any CPU.Build.0 = Release 4.5.2|Any CPU
		{7AF79BF4-272D-4C2B-A58F-113D52FFD720}.Release 4.5|Any CPU.ActiveCfg = Release 4.5|Any CPU
		{7AF79BF4-272D-4C2B-A58F-113D52FFD720}.Release 4.5|Any CPU.Build.0 = Release 4.5|Any CPU
		{171901F0-8EBF-48A1-81ED-9328A55E2ABD}.Debug 4.0|Any CPU.ActiveCfg = Debug 4.0|Any CPU
		{171901F0-8EBF-48A1-81ED-9328A55E2ABD}.Debug 4.0|Any CPU.Build.0 = Debug 4.0|Any CPU
		{171901F0-8EBF-48A1-81ED-9328A55E2ABD}.Debug 4.5.1|Any CPU.ActiveCfg = Debug 4.5.1|Any CPU
		{171901F0-8EBF-48A1-81ED-9328A55E2ABD}.Debug 4.5.1|Any CPU.Build.0 = Debug 4.5.1|Any CPU
		{171901F0-8EBF-48A1-81ED-9328A55E2ABD}.Debug 4.5.2|Any CPU.ActiveCfg = Debug 4.5.2|Any CPU
		{171901F0-8EBF-48A1-81ED-9328A55E2ABD}.Debug 4.5.2|Any CPU.Build.0 = Debug 4.5.2|Any CPU
		{171901F0-8EBF-48A1-81ED-9328A55E2ABD}.Debug 4.5|Any CPU.ActiveCfg = Debug 4.5|Any CPU
		{171901F0-8EBF-48A1-81ED-9328A55E2ABD}.Debug 4.5|Any CPU.Build.0 = Debug 4.5|Any CPU
		{171901F0-8EBF-48A1-81ED-9328A55E2ABD}.Release 4.0|Any CPU.ActiveCfg = Release 4.0|Any CPU
		{171901F0-8EBF-48A1-81ED-9328A55E2ABD}.Release 4.0|Any CPU.Build.0 = Release 4.0|Any CPU
		{171901F0-8EBF-48A1-81ED-9328A55E2ABD}.Release 4.5.1|Any CPU.ActiveCfg = Release 4.5.1|Any CPU
		{171901F0-8EBF-48A1-81ED-9328A55E2ABD}.Release 4.5.1|Any CPU.Build.0 = Release 4.5.1|Any CPU
		{171901F0-8EBF-48A1-81ED-9328A55E2ABD}.Release 4.5.2|Any CPU.ActiveCfg = Release 4.5.2|Any CPU
		{171901F0-8EBF-48A1-81ED-9328A55E2ABD}.Release 4.5.2|Any CPU.Build.0 = Release 4.5.2|Any CPU
		{171901F0-8EBF-48A1-81ED-9328A55E2ABD}.Release 4.5|Any CPU.ActiveCfg = Release 4.5|Any CPU
		{171901F0-8EBF-48A1-81ED-9328A55E2ABD}.Release 4.5|Any CPU.Build.0 = Release 4.5|Any CPU
		{985C2E34-3208-43E9-8B48-8DB2006205AE}.Debug 4.0|Any CPU.ActiveCfg = Debug 4.0|Any CPU
		{985C2E34-3208-43E9-8B48-8DB2006205AE}.Debug 4.0|Any CPU.Build.0 = Debug 4.0|Any CPU
		{985C2E34-3208-43E9-8B48-8DB2006205AE}.Debug 4.5.1|Any CPU.ActiveCfg = Debug 4.5.1|Any CPU
		{985C2E34-3208-43E9-8B48-8DB2006205AE}.Debug 4.5.1|Any CPU.Build.0 = Debug 4.5.1|Any CPU
		{985C2E34-3208-43E9-8B48-8DB2006205AE}.Debug 4.5.2|Any CPU.ActiveCfg = Debug 4.5.2|Any CPU
		{985C2E34-3208-43E9-8B48-8DB2006205AE}.Debug 4.5.2|Any CPU.Build.0 = Debug 4.5.2|Any CPU
		{985C2E34-3208-43E9-8B48-8DB2006205AE}.Debug 4.5|Any CPU.ActiveCfg = Debug 4.5|Any CPU
		{985C2E34-3208-43E9-8B48-8DB2006205AE}.Debug 4.5|Any CPU.Build.0 = Debug 4.5|Any CPU
		{985C2E34-3208-43E9-8B48-8DB2006205AE}.Release 4.0|Any CPU.ActiveCfg = Release 4.0|Any CPU
		{985C2E34-3208-43E9-8B48-8DB2006205AE}.Release 4.0|Any CPU.Build.0 = Release 4.0|Any CPU
		{985C2E34-3208-43E9-8B48-8DB2006205AE}.Release 4.5.1|Any CPU.ActiveCfg = Release 4.5.1|Any CPU
		{985C2E34-3208-43E9-8B48-8DB2006205AE}.Release 4.5.1|Any CPU.Build.0 = Release 4.5.1|Any CPU
		{985C2E34-3208-43E9-8B48-8DB2006205AE}.Release 4.5.2|Any CPU.ActiveCfg = Release 4.5.2|Any CPU
		{985C2E34-3208-43E9-8B48-8DB2006205AE}.Release 4.5.2|Any CPU.Build.0 = Release 4.5.2|Any CPU
		{985C2E34-3208-43E9-8B48-8DB2006205AE}.Release 4.5|Any CPU.ActiveCfg = Release 4.5|Any CPU
		{985C2E34-3208-43E9-8B48-8DB2006205AE}.Release 4.5|Any CPU.Build.0 = Release 4.5|Any CPU
	EndGlobalSection
	GlobalSection(SolutionProperties) = preSolution
		HideSolutionNode = FALSE
	EndGlobalSection
	GlobalSection(NestedProjects) = preSolution
		{53221937-AEFF-477F-B132-91A5449C9738} = {D126A775-58F4-4E32-A45E-587CC65096A5}
		{62D1AB2E-4638-4D35-AC0D-454FD1CE9B13} = {E7471BB7-D31E-4DC3-BE1B-9F050CCCDCE5}
		{00784EF4-CCD9-44B6-9077-057E85D92A9E} = {0D9C2A1B-E38B-4505-A81C-002D08C912C5}
		{4C6EA330-AD9A-4A0E-8869-7B7EC1D8DB13} = {D126A775-58F4-4E32-A45E-587CC65096A5}
		{40FE411F-66AE-49CF-91E4-285C7BC77F15} = {E7471BB7-D31E-4DC3-BE1B-9F050CCCDCE5}
		{F220AFE2-9601-4F1B-9C4B-4CA04089073B} = {D126A775-58F4-4E32-A45E-587CC65096A5}
		{940D99F2-73AE-48DF-976B-2056BE1E163F} = {8861F23C-BDD2-4A55-8F42-CA9E38C3B6E0}
		{700BB1B3-7863-4417-8000-B931E39F25CE} = {680704D6-8901-4D30-9BF1-7B011C5EE4A1}
		{43B6C010-714D-45A4-B0FC-575373923E92} = {8861F23C-BDD2-4A55-8F42-CA9E38C3B6E0}
		{106D1057-E88F-474E-A0BC-8E35258E273C} = {E5B35258-DA10-4134-A2F9-971EEE5C1C42}
		{C7F78570-2370-42A1-B629-B79777BD5D37} = {889A7F0B-9322-4935-908A-6BD663CA36E1}
		{7AF79BF4-272D-4C2B-A58F-113D52FFD720} = {F6CD4987-64C7-462D-BB6A-5765ACB4C9E4}
		{D126A775-58F4-4E32-A45E-587CC65096A5} = {680704D6-8901-4D30-9BF1-7B011C5EE4A1}
		{E5B35258-DA10-4134-A2F9-971EEE5C1C42} = {680704D6-8901-4D30-9BF1-7B011C5EE4A1}
		{171901F0-8EBF-48A1-81ED-9328A55E2ABD} = {E5B35258-DA10-4134-A2F9-971EEE5C1C42}
		{E7471BB7-D31E-4DC3-BE1B-9F050CCCDCE5} = {8861F23C-BDD2-4A55-8F42-CA9E38C3B6E0}
		{889A7F0B-9322-4935-908A-6BD663CA36E1} = {8861F23C-BDD2-4A55-8F42-CA9E38C3B6E0}
		{985C2E34-3208-43E9-8B48-8DB2006205AE} = {889A7F0B-9322-4935-908A-6BD663CA36E1}
	EndGlobalSection
	GlobalSection(ExtensibilityGlobals) = postSolution
		EnterpriseLibraryConfigurationToolBinariesPath = packages\Unity.2.1.505.2\lib\NET35;packages\Unity.Interception.2.1.505.2\lib\NET35
	EndGlobalSection
EndGlobal
