
Microsoft Visual Studio Solution File, Format Version 12.00
# Visual Studio 2013
VisualStudioVersion = 12.0.30723.0
MinimumVisualStudioVersion = 10.0.40219.1
Project("{FAE04EC0-301F-11D3-BF4B-00C04F79EFBC}") = "ModuleInject", "ModuleInject\ModuleInject.csproj", "{53221937-AEFF-477F-B132-91A5449C9738}"
EndProject
Project("{FAE04EC0-301F-11D3-BF4B-00C04F79EFBC}") = "Test.ModuleInject", "Test.ModuleInject\Test.ModuleInject.csproj", "{62D1AB2E-4638-4D35-AC0D-454FD1CE9B13}"
EndProject
Project("{2150E333-8FDC-42A3-9474-1A3956D46DE8}") = ".nuget", ".nuget", "{451C59A2-D5B3-4F52-A775-1D7D73DBC491}"
	ProjectSection(SolutionItems) = preProject
		.nuget\packages.config = .nuget\packages.config
	EndProjectSection
EndProject
Project("{FAE04EC0-301F-11D3-BF4B-00C04F79EFBC}") = "Doc.ModuleInject", "Doc.ModuleInject\Doc.ModuleInject.csproj", "{00784EF4-CCD9-44B6-9077-057E85D92A9E}"
EndProject
Project("{FAE04EC0-301F-11D3-BF4B-00C04F79EFBC}") = "ModuleInject.Container", "ModuleInject.Container\ModuleInject.Container.csproj", "{6A423006-AAE9-4C5A-B168-6A2D7F7FCD71}"
EndProject
Project("{FAE04EC0-301F-11D3-BF4B-00C04F79EFBC}") = "Test.ModuleInject.Container", "Test.ModuleInject.Container\Test.ModuleInject.Container.csproj", "{A94ED667-9EB2-4BC9-8689-03116E865946}"
EndProject
Project("{FAE04EC0-301F-11D3-BF4B-00C04F79EFBC}") = "ModuleInject.Common", "ModuleInject.Common\ModuleInject.Common.csproj", "{4C6EA330-AD9A-4A0E-8869-7B7EC1D8DB13}"
EndProject
Project("{2150E333-8FDC-42A3-9474-1A3956D46DE8}") = "Test", "Test", "{8861F23C-BDD2-4A55-8F42-CA9E38C3B6E0}"
EndProject
Project("{2150E333-8FDC-42A3-9474-1A3956D46DE8}") = "Doc", "Doc", "{0D9C2A1B-E38B-4505-A81C-002D08C912C5}"
EndProject
Project("{2150E333-8FDC-42A3-9474-1A3956D46DE8}") = "Source", "Source", "{680704D6-8901-4D30-9BF1-7B011C5EE4A1}"
EndProject
Project("{FAE04EC0-301F-11D3-BF4B-00C04F79EFBC}") = "Test.ModuleInject.Common", "Test.ModuleInject.Common\Test.ModuleInject.Common.csproj", "{40FE411F-66AE-49CF-91E4-285C7BC77F15}"
EndProject
Global
	GlobalSection(SolutionConfigurationPlatforms) = preSolution
		Debug|Any CPU = Debug|Any CPU
		NuGet Package|Any CPU = NuGet Package|Any CPU
		Release|Any CPU = Release|Any CPU
	EndGlobalSection
	GlobalSection(ProjectConfigurationPlatforms) = postSolution
		{53221937-AEFF-477F-B132-91A5449C9738}.Debug|Any CPU.ActiveCfg = Debug|Any CPU
		{53221937-AEFF-477F-B132-91A5449C9738}.Debug|Any CPU.Build.0 = Debug|Any CPU
		{53221937-AEFF-477F-B132-91A5449C9738}.NuGet Package|Any CPU.ActiveCfg = NuGet Package|Any CPU
		{53221937-AEFF-477F-B132-91A5449C9738}.NuGet Package|Any CPU.Build.0 = NuGet Package|Any CPU
		{53221937-AEFF-477F-B132-91A5449C9738}.Release|Any CPU.ActiveCfg = Release|Any CPU
		{53221937-AEFF-477F-B132-91A5449C9738}.Release|Any CPU.Build.0 = Release|Any CPU
		{62D1AB2E-4638-4D35-AC0D-454FD1CE9B13}.Debug|Any CPU.ActiveCfg = Debug|Any CPU
		{62D1AB2E-4638-4D35-AC0D-454FD1CE9B13}.Debug|Any CPU.Build.0 = Debug|Any CPU
		{62D1AB2E-4638-4D35-AC0D-454FD1CE9B13}.NuGet Package|Any CPU.ActiveCfg = NuGet Package|Any CPU
		{62D1AB2E-4638-4D35-AC0D-454FD1CE9B13}.Release|Any CPU.ActiveCfg = Release|Any CPU
		{62D1AB2E-4638-4D35-AC0D-454FD1CE9B13}.Release|Any CPU.Build.0 = Release|Any CPU
		{00784EF4-CCD9-44B6-9077-057E85D92A9E}.Debug|Any CPU.ActiveCfg = Debug|Any CPU
		{00784EF4-CCD9-44B6-9077-057E85D92A9E}.NuGet Package|Any CPU.ActiveCfg = Release|Any CPU
		{00784EF4-CCD9-44B6-9077-057E85D92A9E}.Release|Any CPU.ActiveCfg = Release|Any CPU
		{00784EF4-CCD9-44B6-9077-057E85D92A9E}.Release|Any CPU.Build.0 = Release|Any CPU
		{6A423006-AAE9-4C5A-B168-6A2D7F7FCD71}.Debug|Any CPU.ActiveCfg = Debug|Any CPU
		{6A423006-AAE9-4C5A-B168-6A2D7F7FCD71}.Debug|Any CPU.Build.0 = Debug|Any CPU
		{6A423006-AAE9-4C5A-B168-6A2D7F7FCD71}.NuGet Package|Any CPU.ActiveCfg = NuGet Package|Any CPU
		{6A423006-AAE9-4C5A-B168-6A2D7F7FCD71}.NuGet Package|Any CPU.Build.0 = NuGet Package|Any CPU
		{6A423006-AAE9-4C5A-B168-6A2D7F7FCD71}.Release|Any CPU.ActiveCfg = Release|Any CPU
		{6A423006-AAE9-4C5A-B168-6A2D7F7FCD71}.Release|Any CPU.Build.0 = Release|Any CPU
		{A94ED667-9EB2-4BC9-8689-03116E865946}.Debug|Any CPU.ActiveCfg = Debug|Any CPU
		{A94ED667-9EB2-4BC9-8689-03116E865946}.Debug|Any CPU.Build.0 = Debug|Any CPU
		{A94ED667-9EB2-4BC9-8689-03116E865946}.NuGet Package|Any CPU.ActiveCfg = Release|Any CPU
		{A94ED667-9EB2-4BC9-8689-03116E865946}.Release|Any CPU.ActiveCfg = Release|Any CPU
		{A94ED667-9EB2-4BC9-8689-03116E865946}.Release|Any CPU.Build.0 = Release|Any CPU
		{4C6EA330-AD9A-4A0E-8869-7B7EC1D8DB13}.Debug|Any CPU.ActiveCfg = Debug|Any CPU
		{4C6EA330-AD9A-4A0E-8869-7B7EC1D8DB13}.Debug|Any CPU.Build.0 = Debug|Any CPU
		{4C6EA330-AD9A-4A0E-8869-7B7EC1D8DB13}.NuGet Package|Any CPU.ActiveCfg = NuGet Package|Any CPU
		{4C6EA330-AD9A-4A0E-8869-7B7EC1D8DB13}.NuGet Package|Any CPU.Build.0 = NuGet Package|Any CPU
		{4C6EA330-AD9A-4A0E-8869-7B7EC1D8DB13}.Release|Any CPU.ActiveCfg = Release|Any CPU
		{4C6EA330-AD9A-4A0E-8869-7B7EC1D8DB13}.Release|Any CPU.Build.0 = Release|Any CPU
		{40FE411F-66AE-49CF-91E4-285C7BC77F15}.Debug|Any CPU.ActiveCfg = Debug|Any CPU
		{40FE411F-66AE-49CF-91E4-285C7BC77F15}.Debug|Any CPU.Build.0 = Debug|Any CPU
		{40FE411F-66AE-49CF-91E4-285C7BC77F15}.NuGet Package|Any CPU.ActiveCfg = Release|Any CPU
		{40FE411F-66AE-49CF-91E4-285C7BC77F15}.Release|Any CPU.ActiveCfg = Release|Any CPU
		{40FE411F-66AE-49CF-91E4-285C7BC77F15}.Release|Any CPU.Build.0 = Release|Any CPU
	EndGlobalSection
	GlobalSection(SolutionProperties) = preSolution
		HideSolutionNode = FALSE
	EndGlobalSection
	GlobalSection(NestedProjects) = preSolution
		{53221937-AEFF-477F-B132-91A5449C9738} = {680704D6-8901-4D30-9BF1-7B011C5EE4A1}
		{62D1AB2E-4638-4D35-AC0D-454FD1CE9B13} = {8861F23C-BDD2-4A55-8F42-CA9E38C3B6E0}
		{00784EF4-CCD9-44B6-9077-057E85D92A9E} = {0D9C2A1B-E38B-4505-A81C-002D08C912C5}
		{6A423006-AAE9-4C5A-B168-6A2D7F7FCD71} = {680704D6-8901-4D30-9BF1-7B011C5EE4A1}
		{A94ED667-9EB2-4BC9-8689-03116E865946} = {8861F23C-BDD2-4A55-8F42-CA9E38C3B6E0}
		{4C6EA330-AD9A-4A0E-8869-7B7EC1D8DB13} = {680704D6-8901-4D30-9BF1-7B011C5EE4A1}
		{40FE411F-66AE-49CF-91E4-285C7BC77F15} = {8861F23C-BDD2-4A55-8F42-CA9E38C3B6E0}
	EndGlobalSection
	GlobalSection(ExtensibilityGlobals) = postSolution
		EnterpriseLibraryConfigurationToolBinariesPath = packages\Unity.2.1.505.2\lib\NET35;packages\Unity.Interception.2.1.505.2\lib\NET35
	EndGlobalSection
EndGlobal
